
Microsoft Visual Studio Solution File, Format Version 12.00
# Visual Studio 15
VisualStudioVersion = 15.0.27428.2037
MinimumVisualStudioVersion = 10.0.40219.1
Project("{FAE04EC0-301F-11D3-BF4B-00C04F79EFBC}") = "SMTPRouter.Windows", "SMTPRouter.Windows\SMTPRouter.Windows.csproj", "{B02AA0AC-482B-4DB0-8ADD-A252DC65A76B}"
EndProject
Project("{FAE04EC0-301F-11D3-BF4B-00C04F79EFBC}") = "SMTPRouter.Windows.Test", "SMTPRouter.Windows.Test\SMTPRouter.Windows.Test.csproj", "{BE2C6A45-D4D1-4C8A-8C7C-A43CAF998D7E}"
EndProject
Global
	GlobalSection(SolutionConfigurationPlatforms) = preSolution
		Debug|Any CPU = Debug|Any CPU
		Release|Any CPU = Release|Any CPU
	EndGlobalSection
	GlobalSection(ProjectConfigurationPlatforms) = postSolution
		{B02AA0AC-482B-4DB0-8ADD-A252DC65A76B}.Debug|Any CPU.ActiveCfg = Debug|Any CPU
		{B02AA0AC-482B-4DB0-8ADD-A252DC65A76B}.Debug|Any CPU.Build.0 = Debug|Any CPU
		{B02AA0AC-482B-4DB0-8ADD-A252DC65A76B}.Release|Any CPU.ActiveCfg = Release|Any CPU
		{B02AA0AC-482B-4DB0-8ADD-A252DC65A76B}.Release|Any CPU.Build.0 = Release|Any CPU
		{BE2C6A45-D4D1-4C8A-8C7C-A43CAF998D7E}.Debug|Any CPU.ActiveCfg = Debug|Any CPU
		{BE2C6A45-D4D1-4C8A-8C7C-A43CAF998D7E}.Debug|Any CPU.Build.0 = Debug|Any CPU
		{BE2C6A45-D4D1-4C8A-8C7C-A43CAF998D7E}.Release|Any CPU.ActiveCfg = Release|Any CPU
		{BE2C6A45-D4D1-4C8A-8C7C-A43CAF998D7E}.Release|Any CPU.Build.0 = Release|Any CPU
	EndGlobalSection
	GlobalSection(SolutionProperties) = preSolution
		HideSolutionNode = FALSE
	EndGlobalSection
	GlobalSection(ExtensibilityGlobals) = postSolution
		SolutionGuid = {9DB8BEF8-5A36-461C-85C4-BF4571C790E3}
	EndGlobalSection
EndGlobal
